
Microsoft Visual Studio Solution File, Format Version 12.00
# Visual Studio 15
VisualStudioVersion = 15.0.27004.2006
MinimumVisualStudioVersion = 10.0.40219.1
Project("{9A19103F-16F7-4668-BE54-9A1E7A4F7556}") = "WebClient", "WebClient\WebClient.csproj", "{5D191946-A8C2-41BA-B30D-704B227F5029}"
EndProject
Project("{FAE04EC0-301F-11D3-BF4B-00C04F79EFBC}") = "AuthServer", "AuthServer\AuthServer.csproj", "{91E3C447-CABA-4114-BD53-6345DDDDB901}"
EndProject
Project("{FAE04EC0-301F-11D3-BF4B-00C04F79EFBC}") = "SharedSettings", "SharedSettings\SharedSettings.csproj", "{19C57394-BDDC-4683-8F1A-CDD3BC79CE8E}"
EndProject
Project("{FAE04EC0-301F-11D3-BF4B-00C04F79EFBC}") = "SalesApi.Web", "SalesApi.Web\SalesApi.Web.csproj", "{9DB5B7C6-E78A-49A1-896B-58D123724BC3}"
EndProject
Project("{FAE04EC0-301F-11D3-BF4B-00C04F79EFBC}") = "SalesApi.Shared", "SalesApi.Shared\SalesApi.Shared.csproj", "{7B80B131-F74C-4937-9F4E-81BC62E532B6}"
EndProject
Global
	GlobalSection(SolutionConfigurationPlatforms) = preSolution
		Debug|Any CPU = Debug|Any CPU
		Release|Any CPU = Release|Any CPU
	EndGlobalSection
	GlobalSection(ProjectConfigurationPlatforms) = postSolution
		{5D191946-A8C2-41BA-B30D-704B227F5029}.Debug|Any CPU.ActiveCfg = Debug|Any CPU
		{5D191946-A8C2-41BA-B30D-704B227F5029}.Debug|Any CPU.Build.0 = Debug|Any CPU
		{5D191946-A8C2-41BA-B30D-704B227F5029}.Release|Any CPU.ActiveCfg = Release|Any CPU
		{5D191946-A8C2-41BA-B30D-704B227F5029}.Release|Any CPU.Build.0 = Release|Any CPU
		{91E3C447-CABA-4114-BD53-6345DDDDB901}.Debug|Any CPU.ActiveCfg = Debug|Any CPU
		{91E3C447-CABA-4114-BD53-6345DDDDB901}.Debug|Any CPU.Build.0 = Debug|Any CPU
		{91E3C447-CABA-4114-BD53-6345DDDDB901}.Release|Any CPU.ActiveCfg = Release|Any CPU
		{91E3C447-CABA-4114-BD53-6345DDDDB901}.Release|Any CPU.Build.0 = Release|Any CPU
		{19C57394-BDDC-4683-8F1A-CDD3BC79CE8E}.Debug|Any CPU.ActiveCfg = Debug|Any CPU
		{19C57394-BDDC-4683-8F1A-CDD3BC79CE8E}.Debug|Any CPU.Build.0 = Debug|Any CPU
		{19C57394-BDDC-4683-8F1A-CDD3BC79CE8E}.Release|Any CPU.ActiveCfg = Release|Any CPU
		{19C57394-BDDC-4683-8F1A-CDD3BC79CE8E}.Release|Any CPU.Build.0 = Release|Any CPU
		{9DB5B7C6-E78A-49A1-896B-58D123724BC3}.Debug|Any CPU.ActiveCfg = Debug|Any CPU
		{9DB5B7C6-E78A-49A1-896B-58D123724BC3}.Debug|Any CPU.Build.0 = Debug|Any CPU
		{9DB5B7C6-E78A-49A1-896B-58D123724BC3}.Release|Any CPU.ActiveCfg = Release|Any CPU
		{9DB5B7C6-E78A-49A1-896B-58D123724BC3}.Release|Any CPU.Build.0 = Release|Any CPU
		{7B80B131-F74C-4937-9F4E-81BC62E532B6}.Debug|Any CPU.ActiveCfg = Debug|Any CPU
		{7B80B131-F74C-4937-9F4E-81BC62E532B6}.Debug|Any CPU.Build.0 = Debug|Any CPU
		{7B80B131-F74C-4937-9F4E-81BC62E532B6}.Release|Any CPU.ActiveCfg = Release|Any CPU
		{7B80B131-F74C-4937-9F4E-81BC62E532B6}.Release|Any CPU.Build.0 = Release|Any CPU
	EndGlobalSection
	GlobalSection(SolutionProperties) = preSolution
		HideSolutionNode = FALSE
	EndGlobalSection
	GlobalSection(ExtensibilityGlobals) = postSolution
		SolutionGuid = {9F2A6C2B-8E69-4C65-9D84-48EAA086D238}
	EndGlobalSection
EndGlobal
